
Microsoft Visual Studio Solution File, Format Version 12.00
# Visual Studio Version 17
VisualStudioVersion = 17.14.36811.4 d17.14
MinimumVisualStudioVersion = 10.0.40219.1
Project("{FAE04EC0-301F-11D3-BF4B-00C04F79EFBC}") = "cb", "cb.csproj", "{FC6F56DD-3034-4614-82BD-EA725A020EE5}"
EndProject
Global
	GlobalSection(SolutionConfigurationPlatforms) = preSolution
		Debug|Any CPU = Debug|Any CPU
		Release|Any CPU = Release|Any CPU
	EndGlobalSection
	GlobalSection(ProjectConfigurationPlatforms) = postSolution
		{FC6F56DD-3034-4614-82BD-EA725A020EE5}.Debug|Any CPU.ActiveCfg = Debug|Any CPU
		{FC6F56DD-3034-4614-82BD-EA725A020EE5}.Debug|Any CPU.Build.0 = Debug|Any CPU
		{FC6F56DD-3034-4614-82BD-EA725A020EE5}.Release|Any CPU.ActiveCfg = Release|Any CPU
		{FC6F56DD-3034-4614-82BD-EA725A020EE5}.Release|Any CPU.Build.0 = Release|Any CPU
	EndGlobalSection
	GlobalSection(SolutionProperties) = preSolution
		HideSolutionNode = FALSE
	EndGlobalSection
	GlobalSection(ExtensibilityGlobals) = postSolution
		SolutionGuid = {103910EB-D8E8-4AF1-AF4C-723D93C70F73}
	EndGlobalSection
EndGlobal
